
Microsoft Visual Studio Solution File, Format Version 12.00
# Visual Studio 15
VisualStudioVersion = 15.0.28307.1000
MinimumVisualStudioVersion = 10.0.40219.1
Project("{FAE04EC0-301F-11D3-BF4B-00C04F79EFBC}") = "Course Information", "Course Information\Course Information.csproj", "{987E7A45-C2D7-4591-93F3-7236D2842E38}"
EndProject
Global
	GlobalSection(SolutionConfigurationPlatforms) = preSolution
		Debug|Any CPU = Debug|Any CPU
		Release|Any CPU = Release|Any CPU
	EndGlobalSection
	GlobalSection(ProjectConfigurationPlatforms) = postSolution
		{987E7A45-C2D7-4591-93F3-7236D2842E38}.Debug|Any CPU.ActiveCfg = Debug|Any CPU
		{987E7A45-C2D7-4591-93F3-7236D2842E38}.Debug|Any CPU.Build.0 = Debug|Any CPU
		{987E7A45-C2D7-4591-93F3-7236D2842E38}.Release|Any CPU.ActiveCfg = Release|Any CPU
		{987E7A45-C2D7-4591-93F3-7236D2842E38}.Release|Any CPU.Build.0 = Release|Any CPU
	EndGlobalSection
	GlobalSection(SolutionProperties) = preSolution
		HideSolutionNode = FALSE
	EndGlobalSection
	GlobalSection(ExtensibilityGlobals) = postSolution
		SolutionGuid = {E23ED6E6-7239-494C-B169-F0C9DDA4F28B}
	EndGlobalSection
EndGlobal
