
Microsoft Visual Studio Solution File, Format Version 12.00
# Visual Studio 15
VisualStudioVersion = 15.0.28307.1000
MinimumVisualStudioVersion = 10.0.40219.1
Project("{FAE04EC0-301F-11D3-BF4B-00C04F79EFBC}") = "Personal Information", "Personal Information\Personal Information.csproj", "{A81F84EB-B6F2-45A3-84D0-A43658F84CD9}"
EndProject
Global
	GlobalSection(SolutionConfigurationPlatforms) = preSolution
		Debug|Any CPU = Debug|Any CPU
		Release|Any CPU = Release|Any CPU
	EndGlobalSection
	GlobalSection(ProjectConfigurationPlatforms) = postSolution
		{A81F84EB-B6F2-45A3-84D0-A43658F84CD9}.Debug|Any CPU.ActiveCfg = Debug|Any CPU
		{A81F84EB-B6F2-45A3-84D0-A43658F84CD9}.Debug|Any CPU.Build.0 = Debug|Any CPU
		{A81F84EB-B6F2-45A3-84D0-A43658F84CD9}.Release|Any CPU.ActiveCfg = Release|Any CPU
		{A81F84EB-B6F2-45A3-84D0-A43658F84CD9}.Release|Any CPU.Build.0 = Release|Any CPU
	EndGlobalSection
	GlobalSection(SolutionProperties) = preSolution
		HideSolutionNode = FALSE
	EndGlobalSection
	GlobalSection(ExtensibilityGlobals) = postSolution
		SolutionGuid = {08D20587-47D4-477C-9426-320061FBFF82}
	EndGlobalSection
EndGlobal
